
Microsoft Visual Studio Solution File, Format Version 12.00
# Visual Studio 15
VisualStudioVersion = 15.0.27130.0
MinimumVisualStudioVersion = 10.0.40219.1
Project("{FAE04EC0-301F-11D3-BF4B-00C04F79EFBC}") = "Day1", "Day1\Day1.csproj", "{F113F401-A5C9-4A73-89BD-A5272A96B9A5}"
EndProject
Project("{FAE04EC0-301F-11D3-BF4B-00C04F79EFBC}") = "Day1.Specs", "Day1.Specs\Day1.Specs.csproj", "{FB953BD8-16D2-48D3-A96B-64B871A00713}"
EndProject
Project("{FAE04EC0-301F-11D3-BF4B-00C04F79EFBC}") = "Day2", "Day2\Day2.csproj", "{8ED295E4-BA8D-4C94-BA64-ABFF7AE048C9}"
EndProject
Project("{FAE04EC0-301F-11D3-BF4B-00C04F79EFBC}") = "Day2.Specs", "Day2.Specs\Day2.Specs.csproj", "{B126563F-8576-4D9C-857C-5807DBCA31B3}"
EndProject
Project("{FAE04EC0-301F-11D3-BF4B-00C04F79EFBC}") = "Day3", "Day3\Day3.csproj", "{B00C0946-F12F-466A-AD92-51C3C3990C4A}"
EndProject
Project("{FAE04EC0-301F-11D3-BF4B-00C04F79EFBC}") = "Day3.Specs", "Day3.Specs\Day3.Specs.csproj", "{94286E92-BE62-4885-B41C-D461674382BF}"
EndProject
Project("{FAE04EC0-301F-11D3-BF4B-00C04F79EFBC}") = "Day4.Specs", "Day4.Specs\Day4.Specs.csproj", "{4D72D158-996E-4A72-94AB-EA474C50E944}"
EndProject
Project("{FAE04EC0-301F-11D3-BF4B-00C04F79EFBC}") = "Day4", "Day4\Day4.csproj", "{1A8EB62E-0315-4772-8AF4-1FFFFA5A9432}"
EndProject
Project("{FAE04EC0-301F-11D3-BF4B-00C04F79EFBC}") = "Day5", "Day5\Day5.csproj", "{3E1F67FF-F7EC-4D64-AF3C-3693175EA07D}"
EndProject
Project("{FAE04EC0-301F-11D3-BF4B-00C04F79EFBC}") = "Day5.Specs", "Day5.Specs\Day5.Specs.csproj", "{8AD8C5D1-610C-4D9C-9B2C-3E9BB6F7E559}"
EndProject
Project("{FAE04EC0-301F-11D3-BF4B-00C04F79EFBC}") = "Day6", "Day6\Day6.csproj", "{F8D01F28-AA00-4CFC-BA67-41C00CB944C9}"
EndProject
Project("{FAE04EC0-301F-11D3-BF4B-00C04F79EFBC}") = "Day6.Specs", "Day6.Specs\Day6.Specs.csproj", "{2BCAF535-9FA8-409B-8CB1-AB7726622C64}"
EndProject
Project("{FAE04EC0-301F-11D3-BF4B-00C04F79EFBC}") = "Day7.Specs", "Day7.Specs\Day7.Specs.csproj", "{E66781EB-9ECD-48C6-B0F8-EF07EA9723EE}"
EndProject
Project("{FAE04EC0-301F-11D3-BF4B-00C04F79EFBC}") = "Day7", "Day7\Day7.csproj", "{9150B985-941A-4DC0-897D-A7CBEFB127F2}"
EndProject
Project("{FAE04EC0-301F-11D3-BF4B-00C04F79EFBC}") = "Day8", "Day8\Day8.csproj", "{E809A4D8-CD23-459C-B659-E99704A7414E}"
EndProject
Project("{FAE04EC0-301F-11D3-BF4B-00C04F79EFBC}") = "Day8.Specs", "Day8.Specs\Day8.Specs.csproj", "{E84CB97B-6E86-432D-BAFC-141CA598E541}"
EndProject
Project("{FAE04EC0-301F-11D3-BF4B-00C04F79EFBC}") = "Day9.Specs", "Day9.Specs\Day9.Specs.csproj", "{E232C2AD-4D3A-4C7E-BE1C-29C514D9AD2F}"
EndProject
Project("{FAE04EC0-301F-11D3-BF4B-00C04F79EFBC}") = "Day9", "Day9\Day9.csproj", "{0E26D7F3-7ACB-4209-8BB6-57BEFE57683A}"
EndProject
Project("{FAE04EC0-301F-11D3-BF4B-00C04F79EFBC}") = "Day10", "Day10\Day10.csproj", "{FDD3748A-466E-4513-95AF-1AD0087BF9B7}"
EndProject
Project("{FAE04EC0-301F-11D3-BF4B-00C04F79EFBC}") = "Day10.Specs", "Day10.Specs\Day10.Specs.csproj", "{57677485-7E42-4159-968B-88889D3F9602}"
EndProject
Project("{2150E333-8FDC-42A3-9474-1A3956D46DE8}") = "1-9", "1-9", "{B9117A2E-A2DB-40D9-8E95-AD05CC9AE9AF}"
EndProject
Project("{2150E333-8FDC-42A3-9474-1A3956D46DE8}") = "10-19", "10-19", "{8ED4CD4F-00DD-4125-8DCF-D5BB612E516F}"
EndProject
Project("{FAE04EC0-301F-11D3-BF4B-00C04F79EFBC}") = "Day11.Specs", "Day11.Specs\Day11.Specs.csproj", "{56947C64-EA7C-4969-BAC6-70F132A4CFA8}"
EndProject
Project("{FAE04EC0-301F-11D3-BF4B-00C04F79EFBC}") = "Day11", "Day11\Day11.csproj", "{682AD0F6-2A88-4F7A-8318-5AFF5F23BC57}"
EndProject
Global
	GlobalSection(SolutionConfigurationPlatforms) = preSolution
		Debug|Any CPU = Debug|Any CPU
		Release|Any CPU = Release|Any CPU
	EndGlobalSection
	GlobalSection(ProjectConfigurationPlatforms) = postSolution
		{F113F401-A5C9-4A73-89BD-A5272A96B9A5}.Debug|Any CPU.ActiveCfg = Debug|Any CPU
		{F113F401-A5C9-4A73-89BD-A5272A96B9A5}.Debug|Any CPU.Build.0 = Debug|Any CPU
		{F113F401-A5C9-4A73-89BD-A5272A96B9A5}.Release|Any CPU.ActiveCfg = Release|Any CPU
		{F113F401-A5C9-4A73-89BD-A5272A96B9A5}.Release|Any CPU.Build.0 = Release|Any CPU
		{FB953BD8-16D2-48D3-A96B-64B871A00713}.Debug|Any CPU.ActiveCfg = Debug|Any CPU
		{FB953BD8-16D2-48D3-A96B-64B871A00713}.Debug|Any CPU.Build.0 = Debug|Any CPU
		{FB953BD8-16D2-48D3-A96B-64B871A00713}.Release|Any CPU.ActiveCfg = Release|Any CPU
		{FB953BD8-16D2-48D3-A96B-64B871A00713}.Release|Any CPU.Build.0 = Release|Any CPU
		{8ED295E4-BA8D-4C94-BA64-ABFF7AE048C9}.Debug|Any CPU.ActiveCfg = Debug|Any CPU
		{8ED295E4-BA8D-4C94-BA64-ABFF7AE048C9}.Debug|Any CPU.Build.0 = Debug|Any CPU
		{8ED295E4-BA8D-4C94-BA64-ABFF7AE048C9}.Release|Any CPU.ActiveCfg = Release|Any CPU
		{8ED295E4-BA8D-4C94-BA64-ABFF7AE048C9}.Release|Any CPU.Build.0 = Release|Any CPU
		{B126563F-8576-4D9C-857C-5807DBCA31B3}.Debug|Any CPU.ActiveCfg = Debug|Any CPU
		{B126563F-8576-4D9C-857C-5807DBCA31B3}.Debug|Any CPU.Build.0 = Debug|Any CPU
		{B126563F-8576-4D9C-857C-5807DBCA31B3}.Release|Any CPU.ActiveCfg = Release|Any CPU
		{B126563F-8576-4D9C-857C-5807DBCA31B3}.Release|Any CPU.Build.0 = Release|Any CPU
		{B00C0946-F12F-466A-AD92-51C3C3990C4A}.Debug|Any CPU.ActiveCfg = Debug|Any CPU
		{B00C0946-F12F-466A-AD92-51C3C3990C4A}.Debug|Any CPU.Build.0 = Debug|Any CPU
		{B00C0946-F12F-466A-AD92-51C3C3990C4A}.Release|Any CPU.ActiveCfg = Release|Any CPU
		{B00C0946-F12F-466A-AD92-51C3C3990C4A}.Release|Any CPU.Build.0 = Release|Any CPU
		{94286E92-BE62-4885-B41C-D461674382BF}.Debug|Any CPU.ActiveCfg = Debug|Any CPU
		{94286E92-BE62-4885-B41C-D461674382BF}.Debug|Any CPU.Build.0 = Debug|Any CPU
		{94286E92-BE62-4885-B41C-D461674382BF}.Release|Any CPU.ActiveCfg = Release|Any CPU
		{94286E92-BE62-4885-B41C-D461674382BF}.Release|Any CPU.Build.0 = Release|Any CPU
		{4D72D158-996E-4A72-94AB-EA474C50E944}.Debug|Any CPU.ActiveCfg = Debug|Any CPU
		{4D72D158-996E-4A72-94AB-EA474C50E944}.Debug|Any CPU.Build.0 = Debug|Any CPU
		{4D72D158-996E-4A72-94AB-EA474C50E944}.Release|Any CPU.ActiveCfg = Release|Any CPU
		{4D72D158-996E-4A72-94AB-EA474C50E944}.Release|Any CPU.Build.0 = Release|Any CPU
		{1A8EB62E-0315-4772-8AF4-1FFFFA5A9432}.Debug|Any CPU.ActiveCfg = Debug|Any CPU
		{1A8EB62E-0315-4772-8AF4-1FFFFA5A9432}.Debug|Any CPU.Build.0 = Debug|Any CPU
		{1A8EB62E-0315-4772-8AF4-1FFFFA5A9432}.Release|Any CPU.ActiveCfg = Release|Any CPU
		{1A8EB62E-0315-4772-8AF4-1FFFFA5A9432}.Release|Any CPU.Build.0 = Release|Any CPU
		{3E1F67FF-F7EC-4D64-AF3C-3693175EA07D}.Debug|Any CPU.ActiveCfg = Debug|Any CPU
		{3E1F67FF-F7EC-4D64-AF3C-3693175EA07D}.Debug|Any CPU.Build.0 = Debug|Any CPU
		{3E1F67FF-F7EC-4D64-AF3C-3693175EA07D}.Release|Any CPU.ActiveCfg = Release|Any CPU
		{3E1F67FF-F7EC-4D64-AF3C-3693175EA07D}.Release|Any CPU.Build.0 = Release|Any CPU
		{8AD8C5D1-610C-4D9C-9B2C-3E9BB6F7E559}.Debug|Any CPU.ActiveCfg = Debug|Any CPU
		{8AD8C5D1-610C-4D9C-9B2C-3E9BB6F7E559}.Debug|Any CPU.Build.0 = Debug|Any CPU
		{8AD8C5D1-610C-4D9C-9B2C-3E9BB6F7E559}.Release|Any CPU.ActiveCfg = Release|Any CPU
		{8AD8C5D1-610C-4D9C-9B2C-3E9BB6F7E559}.Release|Any CPU.Build.0 = Release|Any CPU
		{F8D01F28-AA00-4CFC-BA67-41C00CB944C9}.Debug|Any CPU.ActiveCfg = Debug|Any CPU
		{F8D01F28-AA00-4CFC-BA67-41C00CB944C9}.Debug|Any CPU.Build.0 = Debug|Any CPU
		{F8D01F28-AA00-4CFC-BA67-41C00CB944C9}.Release|Any CPU.ActiveCfg = Release|Any CPU
		{F8D01F28-AA00-4CFC-BA67-41C00CB944C9}.Release|Any CPU.Build.0 = Release|Any CPU
		{2BCAF535-9FA8-409B-8CB1-AB7726622C64}.Debug|Any CPU.ActiveCfg = Debug|Any CPU
		{2BCAF535-9FA8-409B-8CB1-AB7726622C64}.Debug|Any CPU.Build.0 = Debug|Any CPU
		{2BCAF535-9FA8-409B-8CB1-AB7726622C64}.Release|Any CPU.ActiveCfg = Release|Any CPU
		{2BCAF535-9FA8-409B-8CB1-AB7726622C64}.Release|Any CPU.Build.0 = Release|Any CPU
		{E66781EB-9ECD-48C6-B0F8-EF07EA9723EE}.Debug|Any CPU.ActiveCfg = Debug|Any CPU
		{E66781EB-9ECD-48C6-B0F8-EF07EA9723EE}.Debug|Any CPU.Build.0 = Debug|Any CPU
		{E66781EB-9ECD-48C6-B0F8-EF07EA9723EE}.Release|Any CPU.ActiveCfg = Release|Any CPU
		{E66781EB-9ECD-48C6-B0F8-EF07EA9723EE}.Release|Any CPU.Build.0 = Release|Any CPU
		{9150B985-941A-4DC0-897D-A7CBEFB127F2}.Debug|Any CPU.ActiveCfg = Debug|Any CPU
		{9150B985-941A-4DC0-897D-A7CBEFB127F2}.Debug|Any CPU.Build.0 = Debug|Any CPU
		{9150B985-941A-4DC0-897D-A7CBEFB127F2}.Release|Any CPU.ActiveCfg = Release|Any CPU
		{9150B985-941A-4DC0-897D-A7CBEFB127F2}.Release|Any CPU.Build.0 = Release|Any CPU
		{E809A4D8-CD23-459C-B659-E99704A7414E}.Debug|Any CPU.ActiveCfg = Debug|Any CPU
		{E809A4D8-CD23-459C-B659-E99704A7414E}.Debug|Any CPU.Build.0 = Debug|Any CPU
		{E809A4D8-CD23-459C-B659-E99704A7414E}.Release|Any CPU.ActiveCfg = Release|Any CPU
		{E809A4D8-CD23-459C-B659-E99704A7414E}.Release|Any CPU.Build.0 = Release|Any CPU
		{E84CB97B-6E86-432D-BAFC-141CA598E541}.Debug|Any CPU.ActiveCfg = Debug|Any CPU
		{E84CB97B-6E86-432D-BAFC-141CA598E541}.Debug|Any CPU.Build.0 = Debug|Any CPU
		{E84CB97B-6E86-432D-BAFC-141CA598E541}.Release|Any CPU.ActiveCfg = Release|Any CPU
		{E84CB97B-6E86-432D-BAFC-141CA598E541}.Release|Any CPU.Build.0 = Release|Any CPU
		{E232C2AD-4D3A-4C7E-BE1C-29C514D9AD2F}.Debug|Any CPU.ActiveCfg = Debug|Any CPU
		{E232C2AD-4D3A-4C7E-BE1C-29C514D9AD2F}.Debug|Any CPU.Build.0 = Debug|Any CPU
		{E232C2AD-4D3A-4C7E-BE1C-29C514D9AD2F}.Release|Any CPU.ActiveCfg = Release|Any CPU
		{E232C2AD-4D3A-4C7E-BE1C-29C514D9AD2F}.Release|Any CPU.Build.0 = Release|Any CPU
		{0E26D7F3-7ACB-4209-8BB6-57BEFE57683A}.Debug|Any CPU.ActiveCfg = Debug|Any CPU
		{0E26D7F3-7ACB-4209-8BB6-57BEFE57683A}.Debug|Any CPU.Build.0 = Debug|Any CPU
		{0E26D7F3-7ACB-4209-8BB6-57BEFE57683A}.Release|Any CPU.ActiveCfg = Release|Any CPU
		{0E26D7F3-7ACB-4209-8BB6-57BEFE57683A}.Release|Any CPU.Build.0 = Release|Any CPU
		{FDD3748A-466E-4513-95AF-1AD0087BF9B7}.Debug|Any CPU.ActiveCfg = Debug|Any CPU
		{FDD3748A-466E-4513-95AF-1AD0087BF9B7}.Debug|Any CPU.Build.0 = Debug|Any CPU
		{FDD3748A-466E-4513-95AF-1AD0087BF9B7}.Release|Any CPU.ActiveCfg = Release|Any CPU
		{FDD3748A-466E-4513-95AF-1AD0087BF9B7}.Release|Any CPU.Build.0 = Release|Any CPU
		{57677485-7E42-4159-968B-88889D3F9602}.Debug|Any CPU.ActiveCfg = Debug|Any CPU
		{57677485-7E42-4159-968B-88889D3F9602}.Debug|Any CPU.Build.0 = Debug|Any CPU
		{57677485-7E42-4159-968B-88889D3F9602}.Release|Any CPU.ActiveCfg = Release|Any CPU
		{57677485-7E42-4159-968B-88889D3F9602}.Release|Any CPU.Build.0 = Release|Any CPU
		{56947C64-EA7C-4969-BAC6-70F132A4CFA8}.Debug|Any CPU.ActiveCfg = Debug|Any CPU
		{56947C64-EA7C-4969-BAC6-70F132A4CFA8}.Debug|Any CPU.Build.0 = Debug|Any CPU
		{56947C64-EA7C-4969-BAC6-70F132A4CFA8}.Release|Any CPU.ActiveCfg = Release|Any CPU
		{56947C64-EA7C-4969-BAC6-70F132A4CFA8}.Release|Any CPU.Build.0 = Release|Any CPU
		{682AD0F6-2A88-4F7A-8318-5AFF5F23BC57}.Debug|Any CPU.ActiveCfg = Debug|Any CPU
		{682AD0F6-2A88-4F7A-8318-5AFF5F23BC57}.Debug|Any CPU.Build.0 = Debug|Any CPU
		{682AD0F6-2A88-4F7A-8318-5AFF5F23BC57}.Release|Any CPU.ActiveCfg = Release|Any CPU
		{682AD0F6-2A88-4F7A-8318-5AFF5F23BC57}.Release|Any CPU.Build.0 = Release|Any CPU
	EndGlobalSection
	GlobalSection(SolutionProperties) = preSolution
		HideSolutionNode = FALSE
	EndGlobalSection
	GlobalSection(NestedProjects) = preSolution
		{F113F401-A5C9-4A73-89BD-A5272A96B9A5} = {B9117A2E-A2DB-40D9-8E95-AD05CC9AE9AF}
		{FB953BD8-16D2-48D3-A96B-64B871A00713} = {B9117A2E-A2DB-40D9-8E95-AD05CC9AE9AF}
		{8ED295E4-BA8D-4C94-BA64-ABFF7AE048C9} = {B9117A2E-A2DB-40D9-8E95-AD05CC9AE9AF}
		{B126563F-8576-4D9C-857C-5807DBCA31B3} = {B9117A2E-A2DB-40D9-8E95-AD05CC9AE9AF}
		{B00C0946-F12F-466A-AD92-51C3C3990C4A} = {B9117A2E-A2DB-40D9-8E95-AD05CC9AE9AF}
		{94286E92-BE62-4885-B41C-D461674382BF} = {B9117A2E-A2DB-40D9-8E95-AD05CC9AE9AF}
		{4D72D158-996E-4A72-94AB-EA474C50E944} = {B9117A2E-A2DB-40D9-8E95-AD05CC9AE9AF}
		{1A8EB62E-0315-4772-8AF4-1FFFFA5A9432} = {B9117A2E-A2DB-40D9-8E95-AD05CC9AE9AF}
		{3E1F67FF-F7EC-4D64-AF3C-3693175EA07D} = {B9117A2E-A2DB-40D9-8E95-AD05CC9AE9AF}
		{8AD8C5D1-610C-4D9C-9B2C-3E9BB6F7E559} = {B9117A2E-A2DB-40D9-8E95-AD05CC9AE9AF}
		{F8D01F28-AA00-4CFC-BA67-41C00CB944C9} = {B9117A2E-A2DB-40D9-8E95-AD05CC9AE9AF}
		{2BCAF535-9FA8-409B-8CB1-AB7726622C64} = {B9117A2E-A2DB-40D9-8E95-AD05CC9AE9AF}
		{E66781EB-9ECD-48C6-B0F8-EF07EA9723EE} = {B9117A2E-A2DB-40D9-8E95-AD05CC9AE9AF}
		{9150B985-941A-4DC0-897D-A7CBEFB127F2} = {B9117A2E-A2DB-40D9-8E95-AD05CC9AE9AF}
		{E809A4D8-CD23-459C-B659-E99704A7414E} = {B9117A2E-A2DB-40D9-8E95-AD05CC9AE9AF}
		{E84CB97B-6E86-432D-BAFC-141CA598E541} = {B9117A2E-A2DB-40D9-8E95-AD05CC9AE9AF}
		{E232C2AD-4D3A-4C7E-BE1C-29C514D9AD2F} = {B9117A2E-A2DB-40D9-8E95-AD05CC9AE9AF}
		{0E26D7F3-7ACB-4209-8BB6-57BEFE57683A} = {B9117A2E-A2DB-40D9-8E95-AD05CC9AE9AF}
		{FDD3748A-466E-4513-95AF-1AD0087BF9B7} = {8ED4CD4F-00DD-4125-8DCF-D5BB612E516F}
		{57677485-7E42-4159-968B-88889D3F9602} = {8ED4CD4F-00DD-4125-8DCF-D5BB612E516F}
		{56947C64-EA7C-4969-BAC6-70F132A4CFA8} = {8ED4CD4F-00DD-4125-8DCF-D5BB612E516F}
		{682AD0F6-2A88-4F7A-8318-5AFF5F23BC57} = {8ED4CD4F-00DD-4125-8DCF-D5BB612E516F}
	EndGlobalSection
	GlobalSection(ExtensibilityGlobals) = postSolution
		SolutionGuid = {540D8EEF-70C9-4A1C-A9DE-531EFAC43667}
	EndGlobalSection
EndGlobal
